
Microsoft Visual Studio Solution File, Format Version 12.00
# Visual Studio Version 16
VisualStudioVersion = 16.0.31129.286
MinimumVisualStudioVersion = 10.0.40219.1
Project("{FAE04EC0-301F-11D3-BF4B-00C04F79EFBC}") = "ORUS", "ORUS.csproj", "{5BB3574C-E2E1-472B-BBE8-364CDDB4ACE2}"
EndProject
Global
	GlobalSection(SolutionConfigurationPlatforms) = preSolution
		Debug|Any CPU = Debug|Any CPU
		Release|Any CPU = Release|Any CPU
	EndGlobalSection
	GlobalSection(ProjectConfigurationPlatforms) = postSolution
		{5BB3574C-E2E1-472B-BBE8-364CDDB4ACE2}.Debug|Any CPU.ActiveCfg = Debug|Any CPU
		{5BB3574C-E2E1-472B-BBE8-364CDDB4ACE2}.Debug|Any CPU.Build.0 = Debug|Any CPU
		{5BB3574C-E2E1-472B-BBE8-364CDDB4ACE2}.Release|Any CPU.ActiveCfg = Release|Any CPU
		{5BB3574C-E2E1-472B-BBE8-364CDDB4ACE2}.Release|Any CPU.Build.0 = Release|Any CPU
	EndGlobalSection
	GlobalSection(SolutionProperties) = preSolution
		HideSolutionNode = FALSE
	EndGlobalSection
	GlobalSection(ExtensibilityGlobals) = postSolution
		SolutionGuid = {844072CE-2587-4676-88CF-EC0FDCF0AC4A}
	EndGlobalSection
EndGlobal
